
Microsoft Visual Studio Solution File, Format Version 12.00
# Visual Studio 15
VisualStudioVersion = 15.0.27130.2010
MinimumVisualStudioVersion = 10.0.40219.1
Project("{9A19103F-16F7-4668-BE54-9A1E7A4F7556}") = "LuggageTracker", "LuggageTracker\LuggageTracker.csproj", "{35B5BE9C-234F-4C7F-B1C8-0C92144EBED2}"
EndProject
Project("{9A19103F-16F7-4668-BE54-9A1E7A4F7556}") = "DAL", "DAL\DAL.csproj", "{FD0D7009-798D-4265-8B1B-E573D3CD0B20}"
EndProject
Project("{9A19103F-16F7-4668-BE54-9A1E7A4F7556}") = "LuggageTracker.UnitTest", "LuggageTracker.UnitTest\LuggageTracker.UnitTest.csproj", "{C981D68B-691F-4FB8-91E0-D210B6822939}"
EndProject
Project("{FAE04EC0-301F-11D3-BF4B-00C04F79EFBC}") = "Model", "Model\Model.csproj", "{83F88C57-4A1A-4976-84B5-D4E3EED9EB9A}"
EndProject
Project("{FAE04EC0-301F-11D3-BF4B-00C04F79EFBC}") = "Common", "Common\Common.csproj", "{D8D1D7B5-345E-4BDD-AF8A-9CAB977496B9}"
EndProject
Global
	GlobalSection(SolutionConfigurationPlatforms) = preSolution
		Debug|Any CPU = Debug|Any CPU
		Release|Any CPU = Release|Any CPU
	EndGlobalSection
	GlobalSection(ProjectConfigurationPlatforms) = postSolution
		{35B5BE9C-234F-4C7F-B1C8-0C92144EBED2}.Debug|Any CPU.ActiveCfg = Debug|Any CPU
		{35B5BE9C-234F-4C7F-B1C8-0C92144EBED2}.Debug|Any CPU.Build.0 = Debug|Any CPU
		{35B5BE9C-234F-4C7F-B1C8-0C92144EBED2}.Release|Any CPU.ActiveCfg = Release|Any CPU
		{35B5BE9C-234F-4C7F-B1C8-0C92144EBED2}.Release|Any CPU.Build.0 = Release|Any CPU
		{FD0D7009-798D-4265-8B1B-E573D3CD0B20}.Debug|Any CPU.ActiveCfg = Debug|Any CPU
		{FD0D7009-798D-4265-8B1B-E573D3CD0B20}.Debug|Any CPU.Build.0 = Debug|Any CPU
		{FD0D7009-798D-4265-8B1B-E573D3CD0B20}.Release|Any CPU.ActiveCfg = Release|Any CPU
		{FD0D7009-798D-4265-8B1B-E573D3CD0B20}.Release|Any CPU.Build.0 = Release|Any CPU
		{C981D68B-691F-4FB8-91E0-D210B6822939}.Debug|Any CPU.ActiveCfg = Debug|Any CPU
		{C981D68B-691F-4FB8-91E0-D210B6822939}.Debug|Any CPU.Build.0 = Debug|Any CPU
		{C981D68B-691F-4FB8-91E0-D210B6822939}.Release|Any CPU.ActiveCfg = Release|Any CPU
		{C981D68B-691F-4FB8-91E0-D210B6822939}.Release|Any CPU.Build.0 = Release|Any CPU
		{83F88C57-4A1A-4976-84B5-D4E3EED9EB9A}.Debug|Any CPU.ActiveCfg = Debug|Any CPU
		{83F88C57-4A1A-4976-84B5-D4E3EED9EB9A}.Debug|Any CPU.Build.0 = Debug|Any CPU
		{83F88C57-4A1A-4976-84B5-D4E3EED9EB9A}.Release|Any CPU.ActiveCfg = Release|Any CPU
		{83F88C57-4A1A-4976-84B5-D4E3EED9EB9A}.Release|Any CPU.Build.0 = Release|Any CPU
		{D8D1D7B5-345E-4BDD-AF8A-9CAB977496B9}.Debug|Any CPU.ActiveCfg = Debug|Any CPU
		{D8D1D7B5-345E-4BDD-AF8A-9CAB977496B9}.Debug|Any CPU.Build.0 = Debug|Any CPU
		{D8D1D7B5-345E-4BDD-AF8A-9CAB977496B9}.Release|Any CPU.ActiveCfg = Release|Any CPU
		{D8D1D7B5-345E-4BDD-AF8A-9CAB977496B9}.Release|Any CPU.Build.0 = Release|Any CPU
	EndGlobalSection
	GlobalSection(SolutionProperties) = preSolution
		HideSolutionNode = FALSE
	EndGlobalSection
	GlobalSection(ExtensibilityGlobals) = postSolution
		SolutionGuid = {CE623D01-B454-448B-9713-AD2E9A67635C}
	EndGlobalSection
EndGlobal
